
Microsoft Visual Studio Solution File, Format Version 12.00
# Visual Studio Version 17
VisualStudioVersion = 17.9.34622.214
MinimumVisualStudioVersion = 10.0.40219.1
Project("{9A19103F-16F7-4668-BE54-9A1E7A4F7556}") = "TandheelkundigCentrum", "TandheelkundigCentrum\TandheelkundigCentrum.csproj", "{3D345A7F-2009-4C26-AAD3-2DA63C2D5E01}"
EndProject
Global
	GlobalSection(SolutionConfigurationPlatforms) = preSolution
		Debug|Any CPU = Debug|Any CPU
		Release|Any CPU = Release|Any CPU
	EndGlobalSection
	GlobalSection(ProjectConfigurationPlatforms) = postSolution
		{3D345A7F-2009-4C26-AAD3-2DA63C2D5E01}.Debug|Any CPU.ActiveCfg = Debug|Any CPU
		{3D345A7F-2009-4C26-AAD3-2DA63C2D5E01}.Debug|Any CPU.Build.0 = Debug|Any CPU
		{3D345A7F-2009-4C26-AAD3-2DA63C2D5E01}.Release|Any CPU.ActiveCfg = Release|Any CPU
		{3D345A7F-2009-4C26-AAD3-2DA63C2D5E01}.Release|Any CPU.Build.0 = Release|Any CPU
	EndGlobalSection
	GlobalSection(SolutionProperties) = preSolution
		HideSolutionNode = FALSE
	EndGlobalSection
	GlobalSection(ExtensibilityGlobals) = postSolution
		SolutionGuid = {ED396924-29CA-4130-8B14-4E3CBB4369CB}
	EndGlobalSection
EndGlobal
